// !$*UTF8*$!
{
	archiveVersion = 1;
	classes = {
	};
	objectVersion = 52;
	objects = {

/* Begin PBXBuildFile section */
		8B03F1A424FBFFC4006A6B04 /* AppDelegate.swift in Sources */ = {isa = PBXBuildFile; fileRef = 8B03F1A324FBFFC4006A6B04 /* AppDelegate.swift */; };
		8B03F1A624FBFFC4006A6B04 /* SceneDelegate.swift in Sources */ = {isa = PBXBuildFile; fileRef = 8B03F1A524FBFFC4006A6B04 /* SceneDelegate.swift */; };
		8B03F1A924FBFFC4006A6B04 /* News.xcdatamodeld in Sources */ = {isa = PBXBuildFile; fileRef = 8B03F1A724FBFFC4006A6B04 /* News.xcdatamodeld */; };
		8B03F1AB24FBFFC4006A6B04 /* ContentView.swift in Sources */ = {isa = PBXBuildFile; fileRef = 8B03F1AA24FBFFC4006A6B04 /* ContentView.swift */; };
		8B03F1AD24FBFFC6006A6B04 /* Assets.xcassets in Resources */ = {isa = PBXBuildFile; fileRef = 8B03F1AC24FBFFC6006A6B04 /* Assets.xcassets */; };
		8B03F1B024FBFFC6006A6B04 /* Preview Assets.xcassets in Resources */ = {isa = PBXBuildFile; fileRef = 8B03F1AF24FBFFC6006A6B04 /* Preview Assets.xcassets */; };
		8B03F1B324FBFFC6006A6B04 /* LaunchScreen.storyboard in Resources */ = {isa = PBXBuildFile; fileRef = 8B03F1B124FBFFC6006A6B04 /* LaunchScreen.storyboard */; };
		8B03F1C124FC0087006A6B04 /* ArticlesResponse.swift in Sources */ = {isa = PBXBuildFile; fileRef = 8B03F1C024FC0087006A6B04 /* ArticlesResponse.swift */; };
		8B03F1C324FC00B0006A6B04 /* Article.swift in Sources */ = {isa = PBXBuildFile; fileRef = 8B03F1C224FC00B0006A6B04 /* Article.swift */; };
		8B03F1C524FC012D006A6B04 /* ArticleSource.swift in Sources */ = {isa = PBXBuildFile; fileRef = 8B03F1C424FC012D006A6B04 /* ArticleSource.swift */; };
		8B03F1C924FC01B4006A6B04 /* APIErrors.swift in Sources */ = {isa = PBXBuildFile; fileRef = 8B03F1C824FC01B4006A6B04 /* APIErrors.swift */; };
		8B03F1CB24FC024F006A6B04 /* APIProvider.swift in Sources */ = {isa = PBXBuildFile; fileRef = 8B03F1CA24FC024F006A6B04 /* APIProvider.swift */; };
		8B03F1CE24FC02B5006A6B04 /* EndpointProtocol.swift in Sources */ = {isa = PBXBuildFile; fileRef = 8B03F1CD24FC02B5006A6B04 /* EndpointProtocol.swift */; };
		8B03F1D024FC052E006A6B04 /* APIProviderErrors.swift in Sources */ = {isa = PBXBuildFile; fileRef = 8B03F1CF24FC052E006A6B04 /* APIProviderErrors.swift */; };
		8B03F1D224FC0677006A6B04 /* ArticlesEndpoints.swift in Sources */ = {isa = PBXBuildFile; fileRef = 8B03F1D124FC0677006A6B04 /* ArticlesEndpoints.swift */; };
		8B03F1D724FC0CF4006A6B04 /* OverviewViewModel.swift in Sources */ = {isa = PBXBuildFile; fileRef = 8B03F1D624FC0CF4006A6B04 /* OverviewViewModel.swift */; };
		8B03F1D924FC0D13006A6B04 /* OverviewView.swift in Sources */ = {isa = PBXBuildFile; fileRef = 8B03F1D824FC0D13006A6B04 /* OverviewView.swift */; };
		8B03F1DC24FC12E4006A6B04 /* ActivityIndicator.swift in Sources */ = {isa = PBXBuildFile; fileRef = 8B03F1DB24FC12E4006A6B04 /* ActivityIndicator.swift */; };
		8B03F1E424FC16E3006A6B04 /* TopHeadlinesView.swift in Sources */ = {isa = PBXBuildFile; fileRef = 8B03F1E324FC16E3006A6B04 /* TopHeadlinesView.swift */; };
		8B03F1E624FC16FD006A6B04 /* PageView.swift in Sources */ = {isa = PBXBuildFile; fileRef = 8B03F1E524FC16FD006A6B04 /* PageView.swift */; };
		8B03F1E824FC171A006A6B04 /* PageViewController.swift in Sources */ = {isa = PBXBuildFile; fileRef = 8B03F1E724FC171A006A6B04 /* PageViewController.swift */; };
		8B03F1EA24FC1753006A6B04 /* TopHeadlineRow.swift in Sources */ = {isa = PBXBuildFile; fileRef = 8B03F1E924FC1753006A6B04 /* TopHeadlineRow.swift */; };
		8B03F1ED24FC45EE006A6B04 /* KingfisherSwiftUI in Frameworks */ = {isa = PBXBuildFile; productRef = 8B03F1EC24FC45EE006A6B04 /* KingfisherSwiftUI */; };
		8B03F1EF24FC45EE006A6B04 /* Kingfisher in Frameworks */ = {isa = PBXBuildFile; productRef = 8B03F1EE24FC45EE006A6B04 /* Kingfisher */; };
		8B03F1F124FC4B4A006A6B04 /* SafariView.swift in Sources */ = {isa = PBXBuildFile; fileRef = 8B03F1F024FC4B4A006A6B04 /* SafariView.swift */; };
/* End PBXBuildFile section */

/* Begin PBXFileReference section */
		8B03F1A024FBFFC4006A6B04 /* News.app */ = {isa = PBXFileReference; explicitFileType = wrapper.application; includeInIndex = 0; path = News.app; sourceTree = BUILT_PRODUCTS_DIR; };
		8B03F1A324FBFFC4006A6B04 /* AppDelegate.swift */ = {isa = PBXFileReference; lastKnownFileType = sourcecode.swift; path = AppDelegate.swift; sourceTree = "<group>"; };
		8B03F1A524FBFFC4006A6B04 /* SceneDelegate.swift */ = {isa = PBXFileReference; lastKnownFileType = sourcecode.swift; path = SceneDelegate.swift; sourceTree = "<group>"; };
		8B03F1A824FBFFC4006A6B04 /* News.xcdatamodel */ = {isa = PBXFileReference; lastKnownFileType = wrapper.xcdatamodel; path = News.xcdatamodel; sourceTree = "<group>"; };
		8B03F1AA24FBFFC4006A6B04 /* ContentView.swift */ = {isa = PBXFileReference; lastKnownFileType = sourcecode.swift; path = ContentView.swift; sourceTree = "<group>"; };
		8B03F1AC24FBFFC6006A6B04 /* Assets.xcassets */ = {isa = PBXFileReference; lastKnownFileType = folder.assetcatalog; path = Assets.xcassets; sourceTree = "<group>"; };
		8B03F1AF24FBFFC6006A6B04 /* Preview Assets.xcassets */ = {isa = PBXFileReference; lastKnownFileType = folder.assetcatalog; path = "Preview Assets.xcassets"; sourceTree = "<group>"; };
		8B03F1B224FBFFC6006A6B04 /* Base */ = {isa = PBXFileReference; lastKnownFileType = file.storyboard; name = Base; path = Base.lproj/LaunchScreen.storyboard; sourceTree = "<group>"; };
		8B03F1B424FBFFC6006A6B04 /* Info.plist */ = {isa = PBXFileReference; lastKnownFileType = text.plist.xml; path = Info.plist; sourceTree = "<group>"; };
		8B03F1C024FC0087006A6B04 /* ArticlesResponse.swift */ = {isa = PBXFileReference; lastKnownFileType = sourcecode.swift; path = ArticlesResponse.swift; sourceTree = "<group>"; };
		8B03F1C224FC00B0006A6B04 /* Article.swift */ = {isa = PBXFileReference; lastKnownFileType = sourcecode.swift; path = Article.swift; sourceTree = "<group>"; };
		8B03F1C424FC012D006A6B04 /* ArticleSource.swift */ = {isa = PBXFileReference; lastKnownFileType = sourcecode.swift; path = ArticleSource.swift; sourceTree = "<group>"; };
		8B03F1C824FC01B4006A6B04 /* APIErrors.swift */ = {isa = PBXFileReference; lastKnownFileType = sourcecode.swift; path = APIErrors.swift; sourceTree = "<group>"; };
		8B03F1CA24FC024F006A6B04 /* APIProvider.swift */ = {isa = PBXFileReference; lastKnownFileType = sourcecode.swift; path = APIProvider.swift; sourceTree = "<group>"; };
		8B03F1CD24FC02B5006A6B04 /* EndpointProtocol.swift */ = {isa = PBXFileReference; lastKnownFileType = sourcecode.swift; path = EndpointProtocol.swift; sourceTree = "<group>"; };
		8B03F1CF24FC052E006A6B04 /* APIProviderErrors.swift */ = {isa = PBXFileReference; lastKnownFileType = sourcecode.swift; path = APIProviderErrors.swift; sourceTree = "<group>"; };
		8B03F1D124FC0677006A6B04 /* ArticlesEndpoints.swift */ = {isa = PBXFileReference; lastKnownFileType = sourcecode.swift; path = ArticlesEndpoints.swift; sourceTree = "<group>"; };
		8B03F1D624FC0CF4006A6B04 /* OverviewViewModel.swift */ = {isa = PBXFileReference; lastKnownFileType = sourcecode.swift; path = OverviewViewModel.swift; sourceTree = "<group>"; };
		8B03F1D824FC0D13006A6B04 /* OverviewView.swift */ = {isa = PBXFileReference; lastKnownFileType = sourcecode.swift; path = OverviewView.swift; sourceTree = "<group>"; };
		8B03F1DB24FC12E4006A6B04 /* ActivityIndicator.swift */ = {isa = PBXFileReference; lastKnownFileType = sourcecode.swift; path = ActivityIndicator.swift; sourceTree = "<group>"; };
		8B03F1E324FC16E3006A6B04 /* TopHeadlinesView.swift */ = {isa = PBXFileReference; lastKnownFileType = sourcecode.swift; path = TopHeadlinesView.swift; sourceTree = "<group>"; };
		8B03F1E524FC16FD006A6B04 /* PageView.swift */ = {isa = PBXFileReference; lastKnownFileType = sourcecode.swift; path = PageView.swift; sourceTree = "<group>"; };
		8B03F1E724FC171A006A6B04 /* PageViewController.swift */ = {isa = PBXFileReference; lastKnownFileType = sourcecode.swift; path = PageViewController.swift; sourceTree = "<group>"; };
		8B03F1E924FC1753006A6B04 /* TopHeadlineRow.swift */ = {isa = PBXFileReference; lastKnownFileType = sourcecode.swift; path = TopHeadlineRow.swift; sourceTree = "<group>"; };
		8B03F1F024FC4B4A006A6B04 /* SafariView.swift */ = {isa = PBXFileReference; lastKnownFileType = sourcecode.swift; path = SafariView.swift; sourceTree = "<group>"; };
/* End PBXFileReference section */

/* Begin PBXFrameworksBuildPhase section */
		8B03F19D24FBFFC4006A6B04 /* Frameworks */ = {
			isa = PBXFrameworksBuildPhase;
			buildActionMask = 2147483647;
			files = (
				8B03F1EF24FC45EE006A6B04 /* Kingfisher in Frameworks */,
				8B03F1ED24FC45EE006A6B04 /* KingfisherSwiftUI in Frameworks */,
			);
			runOnlyForDeploymentPostprocessing = 0;
		};
/* End PBXFrameworksBuildPhase section */

/* Begin PBXGroup section */
		8B03F19724FBFFC4006A6B04 = {
			isa = PBXGroup;
			children = (
				8B03F1A224FBFFC4006A6B04 /* News */,
				8B03F1A124FBFFC4006A6B04 /* Products */,
			);
			sourceTree = "<group>";
		};
		8B03F1A124FBFFC4006A6B04 /* Products */ = {
			isa = PBXGroup;
			children = (
				8B03F1A024FBFFC4006A6B04 /* News.app */,
			);
			name = Products;
			sourceTree = "<group>";
		};
		8B03F1A224FBFFC4006A6B04 /* News */ = {
			isa = PBXGroup;
			children = (
				8B03F1BC24FC001E006A6B04 /* Presentation */,
				8B03F1BB24FC0012006A6B04 /* Data */,
				8B03F1BA24FC000E006A6B04 /* Models */,
				8B03F1A324FBFFC4006A6B04 /* AppDelegate.swift */,
				8B03F1A524FBFFC4006A6B04 /* SceneDelegate.swift */,
				8B03F1AA24FBFFC4006A6B04 /* ContentView.swift */,
				8B03F1AC24FBFFC6006A6B04 /* Assets.xcassets */,
				8B03F1B124FBFFC6006A6B04 /* LaunchScreen.storyboard */,
				8B03F1B424FBFFC6006A6B04 /* Info.plist */,
				8B03F1A724FBFFC4006A6B04 /* News.xcdatamodeld */,
				8B03F1AE24FBFFC6006A6B04 /* Preview Content */,
			);
			path = News;
			sourceTree = "<group>";
		};
		8B03F1AE24FBFFC6006A6B04 /* Preview Content */ = {
			isa = PBXGroup;
			children = (
				8B03F1AF24FBFFC6006A6B04 /* Preview Assets.xcassets */,
			);
			path = "Preview Content";
			sourceTree = "<group>";
		};
		8B03F1BA24FC000E006A6B04 /* Models */ = {
			isa = PBXGroup;
			children = (
				8B03F1BD24FC002F006A6B04 /* News */,
			);
			path = Models;
			sourceTree = "<group>";
		};
		8B03F1BB24FC0012006A6B04 /* Data */ = {
			isa = PBXGroup;
			children = (
				8B03F1C724FC019E006A6B04 /* Local */,
				8B03F1C624FC019A006A6B04 /* Network */,
			);
			path = Data;
			sourceTree = "<group>";
		};
		8B03F1BC24FC001E006A6B04 /* Presentation */ = {
			isa = PBXGroup;
			children = (
				8B03F1DA24FC12DA006A6B04 /* Common */,
				8B03F1D324FC0CC1006A6B04 /* Overview */,
			);
			path = Presentation;
			sourceTree = "<group>";
		};
		8B03F1BD24FC002F006A6B04 /* News */ = {
			isa = PBXGroup;
			children = (
				8B03F1BF24FC003D006A6B04 /* Sources */,
				8B03F1BE24FC0039006A6B04 /* Articles */,
			);
			path = News;
			sourceTree = "<group>";
		};
		8B03F1BE24FC0039006A6B04 /* Articles */ = {
			isa = PBXGroup;
			children = (
				8B03F1C024FC0087006A6B04 /* ArticlesResponse.swift */,
				8B03F1C224FC00B0006A6B04 /* Article.swift */,
				8B03F1C424FC012D006A6B04 /* ArticleSource.swift */,
			);
			path = Articles;
			sourceTree = "<group>";
		};
		8B03F1BF24FC003D006A6B04 /* Sources */ = {
			isa = PBXGroup;
			children = (
			);
			path = Sources;
			sourceTree = "<group>";
		};
		8B03F1C624FC019A006A6B04 /* Network */ = {
			isa = PBXGroup;
			children = (
				8B03F1CC24FC02A5006A6B04 /* Endpoints */,
				8B03F1C824FC01B4006A6B04 /* APIErrors.swift */,
				8B03F1CA24FC024F006A6B04 /* APIProvider.swift */,
				8B03F1CF24FC052E006A6B04 /* APIProviderErrors.swift */,
			);
			path = Network;
			sourceTree = "<group>";
		};
		8B03F1C724FC019E006A6B04 /* Local */ = {
			isa = PBXGroup;
			children = (
			);
			path = Local;
			sourceTree = "<group>";
		};
		8B03F1CC24FC02A5006A6B04 /* Endpoints */ = {
			isa = PBXGroup;
			children = (
				8B03F1CD24FC02B5006A6B04 /* EndpointProtocol.swift */,
				8B03F1D124FC0677006A6B04 /* ArticlesEndpoints.swift */,
			);
			path = Endpoints;
			sourceTree = "<group>";
		};
		8B03F1D324FC0CC1006A6B04 /* Overview */ = {
			isa = PBXGroup;
			children = (
				8B03F1E224FC16D5006A6B04 /* TopHeadlines */,
				8B03F1D624FC0CF4006A6B04 /* OverviewViewModel.swift */,
				8B03F1D824FC0D13006A6B04 /* OverviewView.swift */,
			);
			path = Overview;
			sourceTree = "<group>";
		};
		8B03F1DA24FC12DA006A6B04 /* Common */ = {
			isa = PBXGroup;
			children = (
				8B03F1DB24FC12E4006A6B04 /* ActivityIndicator.swift */,
				8B03F1F024FC4B4A006A6B04 /* SafariView.swift */,
			);
			path = Common;
			sourceTree = "<group>";
		};
		8B03F1E224FC16D5006A6B04 /* TopHeadlines */ = {
			isa = PBXGroup;
			children = (
				8B03F1E324FC16E3006A6B04 /* TopHeadlinesView.swift */,
				8B03F1E524FC16FD006A6B04 /* PageView.swift */,
				8B03F1E724FC171A006A6B04 /* PageViewController.swift */,
				8B03F1E924FC1753006A6B04 /* TopHeadlineRow.swift */,
			);
			path = TopHeadlines;
			sourceTree = "<group>";
		};
/* End PBXGroup section */

/* Begin PBXNativeTarget section */
		8B03F19F24FBFFC4006A6B04 /* News */ = {
			isa = PBXNativeTarget;
			buildConfigurationList = 8B03F1B724FBFFC6006A6B04 /* Build configuration list for PBXNativeTarget "News" */;
			buildPhases = (
				8B03F19C24FBFFC4006A6B04 /* Sources */,
				8B03F19D24FBFFC4006A6B04 /* Frameworks */,
				8B03F19E24FBFFC4006A6B04 /* Resources */,
			);
			buildRules = (
			);
			dependencies = (
			);
			name = News;
			packageProductDependencies = (
				8B03F1EC24FC45EE006A6B04 /* KingfisherSwiftUI */,
				8B03F1EE24FC45EE006A6B04 /* Kingfisher */,
			);
			productName = News;
			productReference = 8B03F1A024FBFFC4006A6B04 /* News.app */;
			productType = "com.apple.product-type.application";
		};
/* End PBXNativeTarget section */

/* Begin PBXProject section */
		8B03F19824FBFFC4006A6B04 /* Project object */ = {
			isa = PBXProject;
			attributes = {
				LastSwiftUpdateCheck = 1160;
				LastUpgradeCheck = 1160;
				ORGANIZATIONNAME = Riccardo;
				TargetAttributes = {
					8B03F19F24FBFFC4006A6B04 = {
						CreatedOnToolsVersion = 11.6;
					};
				};
			};
			buildConfigurationList = 8B03F19B24FBFFC4006A6B04 /* Build configuration list for PBXProject "News" */;
			compatibilityVersion = "Xcode 9.3";
			developmentRegion = en;
			hasScannedForEncodings = 0;
			knownRegions = (
				en,
				Base,
			);
			mainGroup = 8B03F19724FBFFC4006A6B04;
			packageReferences = (
				8B03F1EB24FC45EE006A6B04 /* XCRemoteSwiftPackageReference "Kingfisher" */,
			);
			productRefGroup = 8B03F1A124FBFFC4006A6B04 /* Products */;
			projectDirPath = "";
			projectRoot = "";
			targets = (
				8B03F19F24FBFFC4006A6B04 /* News */,
			);
		};
/* End PBXProject section */

/* Begin PBXResourcesBuildPhase section */
		8B03F19E24FBFFC4006A6B04 /* Resources */ = {
			isa = PBXResourcesBuildPhase;
			buildActionMask = 2147483647;
			files = (
				8B03F1B324FBFFC6006A6B04 /* LaunchScreen.storyboard in Resources */,
				8B03F1B024FBFFC6006A6B04 /* Preview Assets.xcassets in Resources */,
				8B03F1AD24FBFFC6006A6B04 /* Assets.xcassets in Resources */,
			);
			runOnlyForDeploymentPostprocessing = 0;
		};
/* End PBXResourcesBuildPhase section */

/* Begin PBXSourcesBuildPhase section */
		8B03F19C24FBFFC4006A6B04 /* Sources */ = {
			isa = PBXSourcesBuildPhase;
			buildActionMask = 2147483647;
			files = (
				8B03F1A424FBFFC4006A6B04 /* AppDelegate.swift in Sources */,
				8B03F1DC24FC12E4006A6B04 /* ActivityIndicator.swift in Sources */,
				8B03F1C924FC01B4006A6B04 /* APIErrors.swift in Sources */,
				8B03F1CE24FC02B5006A6B04 /* EndpointProtocol.swift in Sources */,
				8B03F1F124FC4B4A006A6B04 /* SafariView.swift in Sources */,
				8B03F1A924FBFFC4006A6B04 /* News.xcdatamodeld in Sources */,
				8B03F1C324FC00B0006A6B04 /* Article.swift in Sources */,
				8B03F1C524FC012D006A6B04 /* ArticleSource.swift in Sources */,
				8B03F1AB24FBFFC4006A6B04 /* ContentView.swift in Sources */,
				8B03F1A624FBFFC4006A6B04 /* SceneDelegate.swift in Sources */,
				8B03F1EA24FC1753006A6B04 /* TopHeadlineRow.swift in Sources */,
				8B03F1C124FC0087006A6B04 /* ArticlesResponse.swift in Sources */,
				8B03F1D224FC0677006A6B04 /* ArticlesEndpoints.swift in Sources */,
				8B03F1CB24FC024F006A6B04 /* APIProvider.swift in Sources */,
				8B03F1E424FC16E3006A6B04 /* TopHeadlinesView.swift in Sources */,
				8B03F1D724FC0CF4006A6B04 /* OverviewViewModel.swift in Sources */,
				8B03F1D024FC052E006A6B04 /* APIProviderErrors.swift in Sources */,
				8B03F1E824FC171A006A6B04 /* PageViewController.swift in Sources */,
				8B03F1E624FC16FD006A6B04 /* PageView.swift in Sources */,
				8B03F1D924FC0D13006A6B04 /* OverviewView.swift in Sources */,
			);
			runOnlyForDeploymentPostprocessing = 0;
		};
/* End PBXSourcesBuildPhase section */

/* Begin PBXVariantGroup section */
		8B03F1B124FBFFC6006A6B04 /* LaunchScreen.storyboard */ = {
			isa = PBXVariantGroup;
			children = (
				8B03F1B224FBFFC6006A6B04 /* Base */,
			);
			name = LaunchScreen.storyboard;
			sourceTree = "<group>";
		};
/* End PBXVariantGroup section */

/* Begin XCBuildConfiguration section */
		8B03F1B524FBFFC6006A6B04 /* Debug */ = {
			isa = XCBuildConfiguration;
			buildSettings = {
				ALWAYS_SEARCH_USER_PATHS = NO;
				CLANG_ANALYZER_NONNULL = YES;
				CLANG_ANALYZER_NUMBER_OBJECT_CONVERSION = YES_AGGRESSIVE;
				CLANG_CXX_LANGUAGE_STANDARD = "gnu++14";
				CLANG_CXX_LIBRARY = "libc++";
				CLANG_ENABLE_MODULES = YES;
				CLANG_ENABLE_OBJC_ARC = YES;
				CLANG_ENABLE_OBJC_WEAK = YES;
				CLANG_WARN_BLOCK_CAPTURE_AUTORELEASING = YES;
				CLANG_WARN_BOOL_CONVERSION = YES;
				CLANG_WARN_COMMA = YES;
				CLANG_WARN_CONSTANT_CONVERSION = YES;
				CLANG_WARN_DEPRECATED_OBJC_IMPLEMENTATIONS = YES;
				CLANG_WARN_DIRECT_OBJC_ISA_USAGE = YES_ERROR;
				CLANG_WARN_DOCUMENTATION_COMMENTS = YES;
				CLANG_WARN_EMPTY_BODY = YES;
				CLANG_WARN_ENUM_CONVERSION = YES;
				CLANG_WARN_INFINITE_RECURSION = YES;
				CLANG_WARN_INT_CONVERSION = YES;
				CLANG_WARN_NON_LITERAL_NULL_CONVERSION = YES;
				CLANG_WARN_OBJC_IMPLICIT_RETAIN_SELF = YES;
				CLANG_WARN_OBJC_LITERAL_CONVERSION = YES;
				CLANG_WARN_OBJC_ROOT_CLASS = YES_ERROR;
				CLANG_WARN_RANGE_LOOP_ANALYSIS = YES;
				CLANG_WARN_STRICT_PROTOTYPES = YES;
				CLANG_WARN_SUSPICIOUS_MOVE = YES;
				CLANG_WARN_UNGUARDED_AVAILABILITY = YES_AGGRESSIVE;
				CLANG_WARN_UNREACHABLE_CODE = YES;
				CLANG_WARN__DUPLICATE_METHOD_MATCH = YES;
				COPY_PHASE_STRIP = NO;
				DEBUG_INFORMATION_FORMAT = dwarf;
				ENABLE_STRICT_OBJC_MSGSEND = YES;
				ENABLE_TESTABILITY = YES;
				GCC_C_LANGUAGE_STANDARD = gnu11;
				GCC_DYNAMIC_NO_PIC = NO;
				GCC_NO_COMMON_BLOCKS = YES;
				GCC_OPTIMIZATION_LEVEL = 0;
				GCC_PREPROCESSOR_DEFINITIONS = (
					"DEBUG=1",
					"$(inherited)",
				);
				GCC_WARN_64_TO_32_BIT_CONVERSION = YES;
				GCC_WARN_ABOUT_RETURN_TYPE = YES_ERROR;
				GCC_WARN_UNDECLARED_SELECTOR = YES;
				GCC_WARN_UNINITIALIZED_AUTOS = YES_AGGRESSIVE;
				GCC_WARN_UNUSED_FUNCTION = YES;
				GCC_WARN_UNUSED_VARIABLE = YES;
				IPHONEOS_DEPLOYMENT_TARGET = 13.6;
				MTL_ENABLE_DEBUG_INFO = INCLUDE_SOURCE;
				MTL_FAST_MATH = YES;
				ONLY_ACTIVE_ARCH = YES;
				SDKROOT = iphoneos;
				SWIFT_ACTIVE_COMPILATION_CONDITIONS = DEBUG;
				SWIFT_OPTIMIZATION_LEVEL = "-Onone";
			};
			name = Debug;
		};
		8B03F1B624FBFFC6006A6B04 /* Release */ = {
			isa = XCBuildConfiguration;
			buildSettings = {
				ALWAYS_SEARCH_USER_PATHS = NO;
				CLANG_ANALYZER_NONNULL = YES;
				CLANG_ANALYZER_NUMBER_OBJECT_CONVERSION = YES_AGGRESSIVE;
				CLANG_CXX_LANGUAGE_STANDARD = "gnu++14";
				CLANG_CXX_LIBRARY = "libc++";
				CLANG_ENABLE_MODULES = YES;
				CLANG_ENABLE_OBJC_ARC = YES;
				CLANG_ENABLE_OBJC_WEAK = YES;
				CLANG_WARN_BLOCK_CAPTURE_AUTORELEASING = YES;
				CLANG_WARN_BOOL_CONVERSION = YES;
				CLANG_WARN_COMMA = YES;
				CLANG_WARN_CONSTANT_CONVERSION = YES;
				CLANG_WARN_DEPRECATED_OBJC_IMPLEMENTATIONS = YES;
				CLANG_WARN_DIRECT_OBJC_ISA_USAGE = YES_ERROR;
				CLANG_WARN_DOCUMENTATION_COMMENTS = YES;
				CLANG_WARN_EMPTY_BODY = YES;
				CLANG_WARN_ENUM_CONVERSION = YES;
				CLANG_WARN_INFINITE_RECURSION = YES;
				CLANG_WARN_INT_CONVERSION = YES;
				CLANG_WARN_NON_LITERAL_NULL_CONVERSION = YES;
				CLANG_WARN_OBJC_IMPLICIT_RETAIN_SELF = YES;
				CLANG_WARN_OBJC_LITERAL_CONVERSION = YES;
				CLANG_WARN_OBJC_ROOT_CLASS = YES_ERROR;
				CLANG_WARN_RANGE_LOOP_ANALYSIS = YES;
				CLANG_WARN_STRICT_PROTOTYPES = YES;
				CLANG_WARN_SUSPICIOUS_MOVE = YES;
				CLANG_WARN_UNGUARDED_AVAILABILITY = YES_AGGRESSIVE;
				CLANG_WARN_UNREACHABLE_CODE = YES;
				CLANG_WARN__DUPLICATE_METHOD_MATCH = YES;
				COPY_PHASE_STRIP = NO;
				DEBUG_INFORMATION_FORMAT = "dwarf-with-dsym";
				ENABLE_NS_ASSERTIONS = NO;
				ENABLE_STRICT_OBJC_MSGSEND = YES;
				GCC_C_LANGUAGE_STANDARD = gnu11;
				GCC_NO_COMMON_BLOCKS = YES;
				GCC_WARN_64_TO_32_BIT_CONVERSION = YES;
				GCC_WARN_ABOUT_RETURN_TYPE = YES_ERROR;
				GCC_WARN_UNDECLARED_SELECTOR = YES;
				GCC_WARN_UNINITIALIZED_AUTOS = YES_AGGRESSIVE;
				GCC_WARN_UNUSED_FUNCTION = YES;
				GCC_WARN_UNUSED_VARIABLE = YES;
				IPHONEOS_DEPLOYMENT_TARGET = 13.6;
				MTL_ENABLE_DEBUG_INFO = NO;
				MTL_FAST_MATH = YES;
				SDKROOT = iphoneos;
				SWIFT_COMPILATION_MODE = wholemodule;
				SWIFT_OPTIMIZATION_LEVEL = "-O";
				VALIDATE_PRODUCT = YES;
			};
			name = Release;
		};
		8B03F1B824FBFFC6006A6B04 /* Debug */ = {
			isa = XCBuildConfiguration;
			buildSettings = {
				ASSETCATALOG_COMPILER_APPICON_NAME = AppIcon;
				CODE_SIGN_STYLE = Automatic;
				DEVELOPMENT_ASSET_PATHS = "\"News/Preview Content\"";
				ENABLE_PREVIEWS = YES;
				INFOPLIST_FILE = News/Info.plist;
				LD_RUNPATH_SEARCH_PATHS = (
					"$(inherited)",
					"@executable_path/Frameworks",
				);
				PRODUCT_BUNDLE_IDENTIFIER = com.riccardocalligaro.News;
				PRODUCT_NAME = "$(TARGET_NAME)";
				SWIFT_VERSION = 5.0;
				TARGETED_DEVICE_FAMILY = "1,2";
			};
			name = Debug;
		};
		8B03F1B924FBFFC6006A6B04 /* Release */ = {
			isa = XCBuildConfiguration;
			buildSettings = {
				ASSETCATALOG_COMPILER_APPICON_NAME = AppIcon;
				CODE_SIGN_STYLE = Automatic;
				DEVELOPMENT_ASSET_PATHS = "\"News/Preview Content\"";
				ENABLE_PREVIEWS = YES;
				INFOPLIST_FILE = News/Info.plist;
				LD_RUNPATH_SEARCH_PATHS = (
					"$(inherited)",
					"@executable_path/Frameworks",
				);
				PRODUCT_BUNDLE_IDENTIFIER = com.riccardocalligaro.News;
				PRODUCT_NAME = "$(TARGET_NAME)";
				SWIFT_VERSION = 5.0;
				TARGETED_DEVICE_FAMILY = "1,2";
			};
			name = Release;
		};
/* End XCBuildConfiguration section */

/* Begin XCConfigurationList section */
		8B03F19B24FBFFC4006A6B04 /* Build configuration list for PBXProject "News" */ = {
			isa = XCConfigurationList;
			buildConfigurations = (
				8B03F1B524FBFFC6006A6B04 /* Debug */,
				8B03F1B624FBFFC6006A6B04 /* Release */,
			);
			defaultConfigurationIsVisible = 0;
			defaultConfigurationName = Release;
		};
		8B03F1B724FBFFC6006A6B04 /* Build configuration list for PBXNativeTarget "News" */ = {
			isa = XCConfigurationList;
			buildConfigurations = (
				8B03F1B824FBFFC6006A6B04 /* Debug */,
				8B03F1B924FBFFC6006A6B04 /* Release */,
			);
			defaultConfigurationIsVisible = 0;
			defaultConfigurationName = Release;
		};
/* End XCConfigurationList section */

/* Begin XCRemoteSwiftPackageReference section */
		8B03F1EB24FC45EE006A6B04 /* XCRemoteSwiftPackageReference "Kingfisher" */ = {
			isa = XCRemoteSwiftPackageReference;
			repositoryURL = "https://github.com/onevcat/Kingfisher";
			requirement = {
				kind = upToNextMajorVersion;
				minimumVersion = 5.15.0;
			};
		};
/* End XCRemoteSwiftPackageReference section */

/* Begin XCSwiftPackageProductDependency section */
		8B03F1EC24FC45EE006A6B04 /* KingfisherSwiftUI */ = {
			isa = XCSwiftPackageProductDependency;
			package = 8B03F1EB24FC45EE006A6B04 /* XCRemoteSwiftPackageReference "Kingfisher" */;
			productName = KingfisherSwiftUI;
		};
		8B03F1EE24FC45EE006A6B04 /* Kingfisher */ = {
			isa = XCSwiftPackageProductDependency;
			package = 8B03F1EB24FC45EE006A6B04 /* XCRemoteSwiftPackageReference "Kingfisher" */;
			productName = Kingfisher;
		};
/* End XCSwiftPackageProductDependency section */

/* Begin XCVersionGroup section */
		8B03F1A724FBFFC4006A6B04 /* News.xcdatamodeld */ = {
			isa = XCVersionGroup;
			children = (
				8B03F1A824FBFFC4006A6B04 /* News.xcdatamodel */,
			);
			currentVersion = 8B03F1A824FBFFC4006A6B04 /* News.xcdatamodel */;
			path = News.xcdatamodeld;
			sourceTree = "<group>";
			versionGroupType = wrapper.xcdatamodel;
		};
/* End XCVersionGroup section */
	};
	rootObject = 8B03F19824FBFFC4006A6B04 /* Project object */;
}
